
Microsoft Visual Studio Solution File, Format Version 12.00
# Visual Studio 15
VisualStudioVersion = 15.0.28307.136
MinimumVisualStudioVersion = 10.0.40219.1
Project("{FAE04EC0-301F-11D3-BF4B-00C04F79EFBC}") = "AdoNET_Intro", "AdoNET_Intro\AdoNET_Intro.csproj", "{97229BBA-8B21-4A60-BE10-CF37048E70C9}"
EndProject
Global
	GlobalSection(SolutionConfigurationPlatforms) = preSolution
		Debug|Any CPU = Debug|Any CPU
		Release|Any CPU = Release|Any CPU
	EndGlobalSection
	GlobalSection(ProjectConfigurationPlatforms) = postSolution
		{97229BBA-8B21-4A60-BE10-CF37048E70C9}.Debug|Any CPU.ActiveCfg = Debug|Any CPU
		{97229BBA-8B21-4A60-BE10-CF37048E70C9}.Debug|Any CPU.Build.0 = Debug|Any CPU
		{97229BBA-8B21-4A60-BE10-CF37048E70C9}.Release|Any CPU.ActiveCfg = Release|Any CPU
		{97229BBA-8B21-4A60-BE10-CF37048E70C9}.Release|Any CPU.Build.0 = Release|Any CPU
	EndGlobalSection
	GlobalSection(SolutionProperties) = preSolution
		HideSolutionNode = FALSE
	EndGlobalSection
	GlobalSection(ExtensibilityGlobals) = postSolution
		SolutionGuid = {DB8D6B7C-324A-4AE5-AB67-77854E1E76FC}
	EndGlobalSection
EndGlobal
